
Microsoft Visual Studio Solution File, Format Version 12.00
# Visual Studio 15
VisualStudioVersion = 15.0.27110.0
MinimumVisualStudioVersion = 10.0.40219.1
Project("{FAE04EC0-301F-11D3-BF4B-00C04F79EFBC}") = "TDCD_FDR_Calculator", "TDCD_FDR_Calculator\TDCD_FDR_Calculator.csproj", "{A51B9CC8-0354-454A-9B1D-AC1736131308}"
EndProject
Global
	GlobalSection(SolutionConfigurationPlatforms) = preSolution
		Debug|Any CPU = Debug|Any CPU
		Release|Any CPU = Release|Any CPU
	EndGlobalSection
	GlobalSection(ProjectConfigurationPlatforms) = postSolution
		{A51B9CC8-0354-454A-9B1D-AC1736131308}.Debug|Any CPU.ActiveCfg = Debug|Any CPU
		{A51B9CC8-0354-454A-9B1D-AC1736131308}.Debug|Any CPU.Build.0 = Debug|Any CPU
		{A51B9CC8-0354-454A-9B1D-AC1736131308}.Release|Any CPU.ActiveCfg = Release|Any CPU
		{A51B9CC8-0354-454A-9B1D-AC1736131308}.Release|Any CPU.Build.0 = Release|Any CPU
	EndGlobalSection
	GlobalSection(SolutionProperties) = preSolution
		HideSolutionNode = FALSE
	EndGlobalSection
	GlobalSection(ExtensibilityGlobals) = postSolution
		SolutionGuid = {788F6AA9-ED3D-4A83-84E5-397D3128F980}
	EndGlobalSection
EndGlobal
